// !$*UTF8*$!
{
	archiveVersion = 1;
	classes = {
	};
	objectVersion = 46;
	objects = {

/* Begin PBXBuildFile section */
		8C0EE99F1DCC847F003ABABE /* OrderConfirmationViewController.swift in Sources */ = {isa = PBXBuildFile; fileRef = 8C0EE99E1DCC847F003ABABE /* OrderConfirmationViewController.swift */; };
		8C0EE9A11DCCECFC003ABABE /* SceneDispatchTable.swift in Sources */ = {isa = PBXBuildFile; fileRef = 8C0EE9A01DCCECFC003ABABE /* SceneDispatchTable.swift */; };
		8CC4175A1DC3A36900D528A7 /* AppDelegate.swift in Sources */ = {isa = PBXBuildFile; fileRef = 8CC417591DC3A36900D528A7 /* AppDelegate.swift */; };
		8CC4175C1DC3A36900D528A7 /* ViewController.swift in Sources */ = {isa = PBXBuildFile; fileRef = 8CC4175B1DC3A36900D528A7 /* ViewController.swift */; };
		8CC4175F1DC3A36900D528A7 /* Main.storyboard in Resources */ = {isa = PBXBuildFile; fileRef = 8CC4175D1DC3A36900D528A7 /* Main.storyboard */; };
		8CC417611DC3A36900D528A7 /* Assets.xcassets in Resources */ = {isa = PBXBuildFile; fileRef = 8CC417601DC3A36900D528A7 /* Assets.xcassets */; };
		8CC417641DC3A36900D528A7 /* LaunchScreen.storyboard in Resources */ = {isa = PBXBuildFile; fileRef = 8CC417621DC3A36900D528A7 /* LaunchScreen.storyboard */; };
		F06DDA0EE30DEE0D45E03E50 /* Pods_CoffeeVisit.framework in Frameworks */ = {isa = PBXBuildFile; fileRef = E0B08259D99B37362E113C95 /* Pods_CoffeeVisit.framework */; };
/* End PBXBuildFile section */

/* Begin PBXFileReference section */
		7DE626703A9922654D4D7C01 /* Pods-CoffeeVisit.debug.xcconfig */ = {isa = PBXFileReference; includeInIndex = 1; lastKnownFileType = text.xcconfig; name = "Pods-CoffeeVisit.debug.xcconfig"; path = "Pods/Target Support Files/Pods-CoffeeVisit/Pods-CoffeeVisit.debug.xcconfig"; sourceTree = "<group>"; };
		8C0EE99E1DCC847F003ABABE /* OrderConfirmationViewController.swift */ = {isa = PBXFileReference; fileEncoding = 4; lastKnownFileType = sourcecode.swift; path = OrderConfirmationViewController.swift; sourceTree = "<group>"; };
		8C0EE9A01DCCECFC003ABABE /* SceneDispatchTable.swift */ = {isa = PBXFileReference; fileEncoding = 4; lastKnownFileType = sourcecode.swift; path = SceneDispatchTable.swift; sourceTree = "<group>"; };
		8CC417561DC3A36900D528A7 /* CoffeeVisit.app */ = {isa = PBXFileReference; explicitFileType = wrapper.application; includeInIndex = 0; path = CoffeeVisit.app; sourceTree = BUILT_PRODUCTS_DIR; };
		8CC417591DC3A36900D528A7 /* AppDelegate.swift */ = {isa = PBXFileReference; lastKnownFileType = sourcecode.swift; path = AppDelegate.swift; sourceTree = "<group>"; };
		8CC4175B1DC3A36900D528A7 /* ViewController.swift */ = {isa = PBXFileReference; lastKnownFileType = sourcecode.swift; path = ViewController.swift; sourceTree = "<group>"; };
		8CC4175E1DC3A36900D528A7 /* Base */ = {isa = PBXFileReference; lastKnownFileType = file.storyboard; name = Base; path = Base.lproj/Main.storyboard; sourceTree = "<group>"; };
		8CC417601DC3A36900D528A7 /* Assets.xcassets */ = {isa = PBXFileReference; lastKnownFileType = folder.assetcatalog; path = Assets.xcassets; sourceTree = "<group>"; };
		8CC417631DC3A36900D528A7 /* Base */ = {isa = PBXFileReference; lastKnownFileType = file.storyboard; name = Base; path = Base.lproj/LaunchScreen.storyboard; sourceTree = "<group>"; };
		8CC417651DC3A36900D528A7 /* Info.plist */ = {isa = PBXFileReference; lastKnownFileType = text.plist.xml; path = Info.plist; sourceTree = "<group>"; };
		E0B08259D99B37362E113C95 /* Pods_CoffeeVisit.framework */ = {isa = PBXFileReference; explicitFileType = wrapper.framework; includeInIndex = 0; path = Pods_CoffeeVisit.framework; sourceTree = BUILT_PRODUCTS_DIR; };
		E433D768733695064A2321D0 /* Pods-CoffeeVisit.release.xcconfig */ = {isa = PBXFileReference; includeInIndex = 1; lastKnownFileType = text.xcconfig; name = "Pods-CoffeeVisit.release.xcconfig"; path = "Pods/Target Support Files/Pods-CoffeeVisit/Pods-CoffeeVisit.release.xcconfig"; sourceTree = "<group>"; };
/* End PBXFileReference section */

/* Begin PBXFrameworksBuildPhase section */
		8CC417531DC3A36900D528A7 /* Frameworks */ = {
			isa = PBXFrameworksBuildPhase;
			buildActionMask = 2147483647;
			files = (
				F06DDA0EE30DEE0D45E03E50 /* Pods_CoffeeVisit.framework in Frameworks */,
			);
			runOnlyForDeploymentPostprocessing = 0;
		};
/* End PBXFrameworksBuildPhase section */

/* Begin PBXGroup section */
		8CC4174D1DC3A36900D528A7 = {
			isa = PBXGroup;
			children = (
				8CC417581DC3A36900D528A7 /* CoffeeVisit */,
				8CC417571DC3A36900D528A7 /* Products */,
				E8F87A54841357E2A1D27BEA /* Pods */,
				C7CA76B3055754989BA5E69F /* Frameworks */,
			);
			sourceTree = "<group>";
		};
		8CC417571DC3A36900D528A7 /* Products */ = {
			isa = PBXGroup;
			children = (
				8CC417561DC3A36900D528A7 /* CoffeeVisit.app */,
			);
			name = Products;
			sourceTree = "<group>";
		};
		8CC417581DC3A36900D528A7 /* CoffeeVisit */ = {
			isa = PBXGroup;
			children = (
				8CC417591DC3A36900D528A7 /* AppDelegate.swift */,
				8CC4175B1DC3A36900D528A7 /* ViewController.swift */,
				8C0EE99E1DCC847F003ABABE /* OrderConfirmationViewController.swift */,
				8CC4175D1DC3A36900D528A7 /* Main.storyboard */,
				8CC417621DC3A36900D528A7 /* LaunchScreen.storyboard */,
				8C0EE9A01DCCECFC003ABABE /* SceneDispatchTable.swift */,
				8CC417601DC3A36900D528A7 /* Assets.xcassets */,
				8CC417651DC3A36900D528A7 /* Info.plist */,
			);
			path = CoffeeVisit;
			sourceTree = "<group>";
		};
		C7CA76B3055754989BA5E69F /* Frameworks */ = {
			isa = PBXGroup;
			children = (
				E0B08259D99B37362E113C95 /* Pods_CoffeeVisit.framework */,
			);
			name = Frameworks;
			sourceTree = "<group>";
		};
		E8F87A54841357E2A1D27BEA /* Pods */ = {
			isa = PBXGroup;
			children = (
				7DE626703A9922654D4D7C01 /* Pods-CoffeeVisit.debug.xcconfig */,
				E433D768733695064A2321D0 /* Pods-CoffeeVisit.release.xcconfig */,
			);
			name = Pods;
			sourceTree = "<group>";
		};
/* End PBXGroup section */

/* Begin PBXNativeTarget section */
		8CC417551DC3A36900D528A7 /* CoffeeVisit */ = {
			isa = PBXNativeTarget;
			buildConfigurationList = 8CC417681DC3A36900D528A7 /* Build configuration list for PBXNativeTarget "CoffeeVisit" */;
			buildPhases = (
				679196BD08AF619404B15C56 /* [CP] Check Pods Manifest.lock */,
				8CC417521DC3A36900D528A7 /* Sources */,
				8CC417531DC3A36900D528A7 /* Frameworks */,
				8CC417541DC3A36900D528A7 /* Resources */,
				E388A9547146D91E746104BF /* [CP] Embed Pods Frameworks */,
				954D21F3CE3BD7B8248BA875 /* [CP] Copy Pods Resources */,
			);
			buildRules = (
			);
			dependencies = (
			);
			name = CoffeeVisit;
			productName = CoffeeVisit;
			productReference = 8CC417561DC3A36900D528A7 /* CoffeeVisit.app */;
			productType = "com.apple.product-type.application";
		};
/* End PBXNativeTarget section */

/* Begin PBXProject section */
		8CC4174E1DC3A36900D528A7 /* Project object */ = {
			isa = PBXProject;
			attributes = {
				LastSwiftUpdateCheck = 0800;
				LastUpgradeCheck = 0810;
				ORGANIZATIONNAME = "Paul Stringer";
				TargetAttributes = {
					8CC417551DC3A36900D528A7 = {
						CreatedOnToolsVersion = 8.0;
						ProvisioningStyle = Automatic;
					};
				};
			};
			buildConfigurationList = 8CC417511DC3A36900D528A7 /* Build configuration list for PBXProject "CoffeeVisit" */;
			compatibilityVersion = "Xcode 3.2";
			developmentRegion = English;
			hasScannedForEncodings = 0;
			knownRegions = (
				en,
				Base,
			);
			mainGroup = 8CC4174D1DC3A36900D528A7;
			productRefGroup = 8CC417571DC3A36900D528A7 /* Products */;
			projectDirPath = "";
			projectRoot = "";
			targets = (
				8CC417551DC3A36900D528A7 /* CoffeeVisit */,
			);
		};
/* End PBXProject section */

/* Begin PBXResourcesBuildPhase section */
		8CC417541DC3A36900D528A7 /* Resources */ = {
			isa = PBXResourcesBuildPhase;
			buildActionMask = 2147483647;
			files = (
				8CC417641DC3A36900D528A7 /* LaunchScreen.storyboard in Resources */,
				8CC417611DC3A36900D528A7 /* Assets.xcassets in Resources */,
				8CC4175F1DC3A36900D528A7 /* Main.storyboard in Resources */,
			);
			runOnlyForDeploymentPostprocessing = 0;
		};
/* End PBXResourcesBuildPhase section */

/* Begin PBXShellScriptBuildPhase section */
		679196BD08AF619404B15C56 /* [CP] Check Pods Manifest.lock */ = {
			isa = PBXShellScriptBuildPhase;
			buildActionMask = 2147483647;
			files = (
			);
			inputPaths = (
			);
			name = "[CP] Check Pods Manifest.lock";
			outputPaths = (
			);
			runOnlyForDeploymentPostprocessing = 0;
			shellPath = /bin/sh;
			shellScript = "diff \"${PODS_ROOT}/../Podfile.lock\" \"${PODS_ROOT}/Manifest.lock\" > /dev/null\nif [ $? != 0 ] ; then\n    # print error to STDERR\n    echo \"error: The sandbox is not in sync with the Podfile.lock. Run 'pod install' or update your CocoaPods installation.\" >&2\n    exit 1\nfi\n";
			showEnvVarsInLog = 0;
		};
		954D21F3CE3BD7B8248BA875 /* [CP] Copy Pods Resources */ = {
			isa = PBXShellScriptBuildPhase;
			buildActionMask = 2147483647;
			files = (
			);
			inputPaths = (
			);
			name = "[CP] Copy Pods Resources";
			outputPaths = (
			);
			runOnlyForDeploymentPostprocessing = 0;
			shellPath = /bin/sh;
			shellScript = "\"${SRCROOT}/Pods/Target Support Files/Pods-CoffeeVisit/Pods-CoffeeVisit-resources.sh\"\n";
			showEnvVarsInLog = 0;
		};
		E388A9547146D91E746104BF /* [CP] Embed Pods Frameworks */ = {
			isa = PBXShellScriptBuildPhase;
			buildActionMask = 2147483647;
			files = (
			);
			inputPaths = (
			);
			name = "[CP] Embed Pods Frameworks";
			outputPaths = (
			);
			runOnlyForDeploymentPostprocessing = 0;
			shellPath = /bin/sh;
			shellScript = "\"${SRCROOT}/Pods/Target Support Files/Pods-CoffeeVisit/Pods-CoffeeVisit-frameworks.sh\"\n";
			showEnvVarsInLog = 0;
		};
/* End PBXShellScriptBuildPhase section */

/* Begin PBXSourcesBuildPhase section */
		8CC417521DC3A36900D528A7 /* Sources */ = {
			isa = PBXSourcesBuildPhase;
			buildActionMask = 2147483647;
			files = (
				8CC4175C1DC3A36900D528A7 /* ViewController.swift in Sources */,
				8C0EE9A11DCCECFC003ABABE /* SceneDispatchTable.swift in Sources */,
				8CC4175A1DC3A36900D528A7 /* AppDelegate.swift in Sources */,
				8C0EE99F1DCC847F003ABABE /* OrderConfirmationViewController.swift in Sources */,
			);
			runOnlyForDeploymentPostprocessing = 0;
		};
/* End PBXSourcesBuildPhase section */

/* Begin PBXVariantGroup section */
		8CC4175D1DC3A36900D528A7 /* Main.storyboard */ = {
			isa = PBXVariantGroup;
			children = (
				8CC4175E1DC3A36900D528A7 /* Base */,
			);
			name = Main.storyboard;
			sourceTree = "<group>";
		};
		8CC417621DC3A36900D528A7 /* LaunchScreen.storyboard */ = {
			isa = PBXVariantGroup;
			children = (
				8CC417631DC3A36900D528A7 /* Base */,
			);
			name = LaunchScreen.storyboard;
			sourceTree = "<group>";
		};
/* End PBXVariantGroup section */

/* Begin XCBuildConfiguration section */
		8CC417661DC3A36900D528A7 /* Debug */ = {
			isa = XCBuildConfiguration;
			buildSettings = {
				ALWAYS_SEARCH_USER_PATHS = NO;
				CLANG_ANALYZER_NONNULL = YES;
				CLANG_CXX_LANGUAGE_STANDARD = "gnu++0x";
				CLANG_CXX_LIBRARY = "libc++";
				CLANG_ENABLE_MODULES = YES;
				CLANG_ENABLE_OBJC_ARC = YES;
				CLANG_WARN_BOOL_CONVERSION = YES;
				CLANG_WARN_CONSTANT_CONVERSION = YES;
				CLANG_WARN_DIRECT_OBJC_ISA_USAGE = YES_ERROR;
				CLANG_WARN_DOCUMENTATION_COMMENTS = YES;
				CLANG_WARN_EMPTY_BODY = YES;
				CLANG_WARN_ENUM_CONVERSION = YES;
				CLANG_WARN_INFINITE_RECURSION = YES;
				CLANG_WARN_INT_CONVERSION = YES;
				CLANG_WARN_OBJC_ROOT_CLASS = YES_ERROR;
				CLANG_WARN_SUSPICIOUS_MOVE = YES;
				CLANG_WARN_SUSPICIOUS_MOVES = YES;
				CLANG_WARN_UNREACHABLE_CODE = YES;
				CLANG_WARN__DUPLICATE_METHOD_MATCH = YES;
				"CODE_SIGN_IDENTITY[sdk=iphoneos*]" = "iPhone Developer";
				COPY_PHASE_STRIP = NO;
				DEBUG_INFORMATION_FORMAT = dwarf;
				ENABLE_STRICT_OBJC_MSGSEND = YES;
				ENABLE_TESTABILITY = YES;
				GCC_C_LANGUAGE_STANDARD = gnu99;
				GCC_DYNAMIC_NO_PIC = NO;
				GCC_NO_COMMON_BLOCKS = YES;
				GCC_OPTIMIZATION_LEVEL = 0;
				GCC_PREPROCESSOR_DEFINITIONS = (
					"DEBUG=1",
					"$(inherited)",
				);
				GCC_WARN_64_TO_32_BIT_CONVERSION = YES;
				GCC_WARN_ABOUT_RETURN_TYPE = YES_ERROR;
				GCC_WARN_UNDECLARED_SELECTOR = YES;
				GCC_WARN_UNINITIALIZED_AUTOS = YES_AGGRESSIVE;
				GCC_WARN_UNUSED_FUNCTION = YES;
				GCC_WARN_UNUSED_VARIABLE = YES;
				IPHONEOS_DEPLOYMENT_TARGET = 10.0;
				MTL_ENABLE_DEBUG_INFO = YES;
				ONLY_ACTIVE_ARCH = YES;
				SDKROOT = iphoneos;
				SWIFT_ACTIVE_COMPILATION_CONDITIONS = DEBUG;
				SWIFT_OPTIMIZATION_LEVEL = "-Onone";
			};
			name = Debug;
		};
		8CC417671DC3A36900D528A7 /* Release */ = {
			isa = XCBuildConfiguration;
			buildSettings = {
				ALWAYS_SEARCH_USER_PATHS = NO;
				CLANG_ANALYZER_NONNULL = YES;
				CLANG_CXX_LANGUAGE_STANDARD = "gnu++0x";
				CLANG_CXX_LIBRARY = "libc++";
				CLANG_ENABLE_MODULES = YES;
				CLANG_ENABLE_OBJC_ARC = YES;
				CLANG_WARN_BOOL_CONVERSION = YES;
				CLANG_WARN_CONSTANT_CONVERSION = YES;
				CLANG_WARN_DIRECT_OBJC_ISA_USAGE = YES_ERROR;
				CLANG_WARN_DOCUMENTATION_COMMENTS = YES;
				CLANG_WARN_EMPTY_BODY = YES;
				CLANG_WARN_ENUM_CONVERSION = YES;
				CLANG_WARN_INFINITE_RECURSION = YES;
				CLANG_WARN_INT_CONVERSION = YES;
				CLANG_WARN_OBJC_ROOT_CLASS = YES_ERROR;
				CLANG_WARN_SUSPICIOUS_MOVE = YES;
				CLANG_WARN_SUSPICIOUS_MOVES = YES;
				CLANG_WARN_UNREACHABLE_CODE = YES;
				CLANG_WARN__DUPLICATE_METHOD_MATCH = YES;
				"CODE_SIGN_IDENTITY[sdk=iphoneos*]" = "iPhone Developer";
				COPY_PHASE_STRIP = NO;
				DEBUG_INFORMATION_FORMAT = "dwarf-with-dsym";
				ENABLE_NS_ASSERTIONS = NO;
				ENABLE_STRICT_OBJC_MSGSEND = YES;
				GCC_C_LANGUAGE_STANDARD = gnu99;
				GCC_NO_COMMON_BLOCKS = YES;
				GCC_WARN_64_TO_32_BIT_CONVERSION = YES;
				GCC_WARN_ABOUT_RETURN_TYPE = YES_ERROR;
				GCC_WARN_UNDECLARED_SELECTOR = YES;
				GCC_WARN_UNINITIALIZED_AUTOS = YES_AGGRESSIVE;
				GCC_WARN_UNUSED_FUNCTION = YES;
				GCC_WARN_UNUSED_VARIABLE = YES;
				IPHONEOS_DEPLOYMENT_TARGET = 10.0;
				MTL_ENABLE_DEBUG_INFO = NO;
				SDKROOT = iphoneos;
				SWIFT_OPTIMIZATION_LEVEL = "-Owholemodule";
				VALIDATE_PRODUCT = YES;
			};
			name = Release;
		};
		8CC417691DC3A36900D528A7 /* Debug */ = {
			isa = XCBuildConfiguration;
			baseConfigurationReference = 7DE626703A9922654D4D7C01 /* Pods-CoffeeVisit.debug.xcconfig */;
			buildSettings = {
				ASSETCATALOG_COMPILER_APPICON_NAME = AppIcon;
				INFOPLIST_FILE = CoffeeVisit/Info.plist;
				LD_RUNPATH_SEARCH_PATHS = "$(inherited) @executable_path/Frameworks";
				PRODUCT_BUNDLE_IDENTIFIER = com.equalexperts.biz.CoffeeVisit;
				PRODUCT_NAME = "$(TARGET_NAME)";
				SWIFT_VERSION = 3.0;
			};
			name = Debug;
		};
		8CC4176A1DC3A36900D528A7 /* Release */ = {
			isa = XCBuildConfiguration;
			baseConfigurationReference = E433D768733695064A2321D0 /* Pods-CoffeeVisit.release.xcconfig */;
			buildSettings = {
				ASSETCATALOG_COMPILER_APPICON_NAME = AppIcon;
				INFOPLIST_FILE = CoffeeVisit/Info.plist;
				LD_RUNPATH_SEARCH_PATHS = "$(inherited) @executable_path/Frameworks";
				PRODUCT_BUNDLE_IDENTIFIER = com.equalexperts.biz.CoffeeVisit;
				PRODUCT_NAME = "$(TARGET_NAME)";
				SWIFT_VERSION = 3.0;
			};
			name = Release;
		};
/* End XCBuildConfiguration section */

/* Begin XCConfigurationList section */
		8CC417511DC3A36900D528A7 /* Build configuration list for PBXProject "CoffeeVisit" */ = {
			isa = XCConfigurationList;
			buildConfigurations = (
				8CC417661DC3A36900D528A7 /* Debug */,
				8CC417671DC3A36900D528A7 /* Release */,
			);
			defaultConfigurationIsVisible = 0;
			defaultConfigurationName = Release;
		};
		8CC417681DC3A36900D528A7 /* Build configuration list for PBXNativeTarget "CoffeeVisit" */ = {
			isa = XCConfigurationList;
			buildConfigurations = (
				8CC417691DC3A36900D528A7 /* Debug */,
				8CC4176A1DC3A36900D528A7 /* Release */,
			);
			defaultConfigurationIsVisible = 0;
			defaultConfigurationName = Release;
		};
/* End XCConfigurationList section */
	};
	rootObject = 8CC4174E1DC3A36900D528A7 /* Project object */;
}
