// !$*UTF8*$!
{
	archiveVersion = 1;
	classes = {
	};
	objectVersion = 46;
	objects = {

/* Begin PBXBuildFile section */
		8C0EE99F1DCC847F003ABABE /* OrderConfirmationViewController.swift in Sources */ = {isa = PBXBuildFile; fileRef = 8C0EE99E1DCC847F003ABABE /* OrderConfirmationViewController.swift */; };
		8C0EE9A11DCCECFC003ABABE /* SceneDispatchTable.swift in Sources */ = {isa = PBXBuildFile; fileRef = 8C0EE9A01DCCECFC003ABABE /* SceneDispatchTable.swift */; };
		8C1013991DCEA4AF00D131D4 /* StoryboardController.swift in Sources */ = {isa = PBXBuildFile; fileRef = 8C1013971DCEA4AF00D131D4 /* StoryboardController.swift */; };
		8C10139A1DCEA4AF00D131D4 /* StoryboardViewController.swift in Sources */ = {isa = PBXBuildFile; fileRef = 8C1013981DCEA4AF00D131D4 /* StoryboardViewController.swift */; };
		8C1197991DD0E21600CB7761 /* CustomiseOrderViewController.swift in Sources */ = {isa = PBXBuildFile; fileRef = 8C1197981DD0E21600CB7761 /* CustomiseOrderViewController.swift */; };
		8C11979B1DD0E88F00CB7761 /* CustomiseOrderModel.swift in Sources */ = {isa = PBXBuildFile; fileRef = 8C11979A1DD0E88F00CB7761 /* CustomiseOrderModel.swift */; };
		8C3DB7F01DD205D600EF825B /* ChooseSizeModel.swift in Sources */ = {isa = PBXBuildFile; fileRef = 8C3DB7EF1DD205D600EF825B /* ChooseSizeModel.swift */; };
		8C3DB7F21DD24A2B00EF825B /* ChooseBeverageModel.swift in Sources */ = {isa = PBXBuildFile; fileRef = 8C3DB7F11DD24A2B00EF825B /* ChooseBeverageModel.swift */; };
		8CC4175A1DC3A36900D528A7 /* AppDelegate.swift in Sources */ = {isa = PBXBuildFile; fileRef = 8CC417591DC3A36900D528A7 /* AppDelegate.swift */; };
		8CC4175C1DC3A36900D528A7 /* RootViewController.swift in Sources */ = {isa = PBXBuildFile; fileRef = 8CC4175B1DC3A36900D528A7 /* RootViewController.swift */; };
		8CC4175F1DC3A36900D528A7 /* Main.storyboard in Resources */ = {isa = PBXBuildFile; fileRef = 8CC4175D1DC3A36900D528A7 /* Main.storyboard */; };
		8CC417611DC3A36900D528A7 /* Assets.xcassets in Resources */ = {isa = PBXBuildFile; fileRef = 8CC417601DC3A36900D528A7 /* Assets.xcassets */; };
		8CC417641DC3A36900D528A7 /* LaunchScreen.storyboard in Resources */ = {isa = PBXBuildFile; fileRef = 8CC417621DC3A36900D528A7 /* LaunchScreen.storyboard */; };
		8CF360431DCEA92600C70097 /* OrderSummaryViewController.swift in Sources */ = {isa = PBXBuildFile; fileRef = 8CF360421DCEA92600C70097 /* OrderSummaryViewController.swift */; };
		8CF360451DCEA95F00C70097 /* OrderSummaryModel.swift in Sources */ = {isa = PBXBuildFile; fileRef = 8CF360441DCEA95F00C70097 /* OrderSummaryModel.swift */; };
		8CF360481DCEAEBF00C70097 /* Entities.swift in Sources */ = {isa = PBXBuildFile; fileRef = 8CF360471DCEAEBF00C70097 /* Entities.swift */; };
		8CF3604A1DCEB00300C70097 /* ChooseBeverageViewController.swift in Sources */ = {isa = PBXBuildFile; fileRef = 8CF360491DCEB00300C70097 /* ChooseBeverageViewController.swift */; };
		8CF3604C1DD0ACCA00C70097 /* ChooseSizeViewController.swift in Sources */ = {isa = PBXBuildFile; fileRef = 8CF3604B1DD0ACCA00C70097 /* ChooseSizeViewController.swift */; };
		8CF3604E1DD0B2EA00C70097 /* CoffeeOrderContext.swift in Sources */ = {isa = PBXBuildFile; fileRef = 8CF3604D1DD0B2EA00C70097 /* CoffeeOrderContext.swift */; };
/* End PBXBuildFile section */

/* Begin PBXFileReference section */
		8C0EE99E1DCC847F003ABABE /* OrderConfirmationViewController.swift */ = {isa = PBXFileReference; fileEncoding = 4; lastKnownFileType = sourcecode.swift; path = OrderConfirmationViewController.swift; sourceTree = "<group>"; };
		8C0EE9A01DCCECFC003ABABE /* SceneDispatchTable.swift */ = {isa = PBXFileReference; fileEncoding = 4; lastKnownFileType = sourcecode.swift; path = SceneDispatchTable.swift; sourceTree = "<group>"; };
		8C1013971DCEA4AF00D131D4 /* StoryboardController.swift */ = {isa = PBXFileReference; fileEncoding = 4; lastKnownFileType = sourcecode.swift; path = StoryboardController.swift; sourceTree = "<group>"; };
		8C1013981DCEA4AF00D131D4 /* StoryboardViewController.swift */ = {isa = PBXFileReference; fileEncoding = 4; lastKnownFileType = sourcecode.swift; path = StoryboardViewController.swift; sourceTree = "<group>"; };
		8C1197981DD0E21600CB7761 /* CustomiseOrderViewController.swift */ = {isa = PBXFileReference; fileEncoding = 4; lastKnownFileType = sourcecode.swift; path = CustomiseOrderViewController.swift; sourceTree = "<group>"; };
		8C11979A1DD0E88F00CB7761 /* CustomiseOrderModel.swift */ = {isa = PBXFileReference; fileEncoding = 4; lastKnownFileType = sourcecode.swift; path = CustomiseOrderModel.swift; sourceTree = "<group>"; };
		8C3DB7EF1DD205D600EF825B /* ChooseSizeModel.swift */ = {isa = PBXFileReference; fileEncoding = 4; lastKnownFileType = sourcecode.swift; path = ChooseSizeModel.swift; sourceTree = "<group>"; };
		8C3DB7F11DD24A2B00EF825B /* ChooseBeverageModel.swift */ = {isa = PBXFileReference; fileEncoding = 4; lastKnownFileType = sourcecode.swift; path = ChooseBeverageModel.swift; sourceTree = "<group>"; };
		8CC417561DC3A36900D528A7 /* CoffeeVisit.app */ = {isa = PBXFileReference; explicitFileType = wrapper.application; includeInIndex = 0; path = CoffeeVisit.app; sourceTree = BUILT_PRODUCTS_DIR; };
		8CC417591DC3A36900D528A7 /* AppDelegate.swift */ = {isa = PBXFileReference; lastKnownFileType = sourcecode.swift; path = AppDelegate.swift; sourceTree = "<group>"; };
		8CC4175B1DC3A36900D528A7 /* RootViewController.swift */ = {isa = PBXFileReference; lastKnownFileType = sourcecode.swift; path = RootViewController.swift; sourceTree = "<group>"; };
		8CC4175E1DC3A36900D528A7 /* Base */ = {isa = PBXFileReference; lastKnownFileType = file.storyboard; name = Base; path = Base.lproj/Main.storyboard; sourceTree = "<group>"; };
		8CC417601DC3A36900D528A7 /* Assets.xcassets */ = {isa = PBXFileReference; lastKnownFileType = folder.assetcatalog; path = Assets.xcassets; sourceTree = "<group>"; };
		8CC417631DC3A36900D528A7 /* Base */ = {isa = PBXFileReference; lastKnownFileType = file.storyboard; name = Base; path = Base.lproj/LaunchScreen.storyboard; sourceTree = "<group>"; };
		8CC417651DC3A36900D528A7 /* Info.plist */ = {isa = PBXFileReference; lastKnownFileType = text.plist.xml; path = Info.plist; sourceTree = "<group>"; };
		8CF360421DCEA92600C70097 /* OrderSummaryViewController.swift */ = {isa = PBXFileReference; fileEncoding = 4; lastKnownFileType = sourcecode.swift; path = OrderSummaryViewController.swift; sourceTree = "<group>"; };
		8CF360441DCEA95F00C70097 /* OrderSummaryModel.swift */ = {isa = PBXFileReference; fileEncoding = 4; lastKnownFileType = sourcecode.swift; path = OrderSummaryModel.swift; sourceTree = "<group>"; };
		8CF360471DCEAEBF00C70097 /* Entities.swift */ = {isa = PBXFileReference; fileEncoding = 4; lastKnownFileType = sourcecode.swift; path = Entities.swift; sourceTree = "<group>"; };
		8CF360491DCEB00300C70097 /* ChooseBeverageViewController.swift */ = {isa = PBXFileReference; fileEncoding = 4; lastKnownFileType = sourcecode.swift; path = ChooseBeverageViewController.swift; sourceTree = "<group>"; };
		8CF3604B1DD0ACCA00C70097 /* ChooseSizeViewController.swift */ = {isa = PBXFileReference; fileEncoding = 4; lastKnownFileType = sourcecode.swift; path = ChooseSizeViewController.swift; sourceTree = "<group>"; };
		8CF3604D1DD0B2EA00C70097 /* CoffeeOrderContext.swift */ = {isa = PBXFileReference; fileEncoding = 4; lastKnownFileType = sourcecode.swift; path = CoffeeOrderContext.swift; sourceTree = "<group>"; };
/* End PBXFileReference section */

/* Begin PBXFrameworksBuildPhase section */
		8CC417531DC3A36900D528A7 /* Frameworks */ = {
			isa = PBXFrameworksBuildPhase;
			buildActionMask = 2147483647;
			files = (
			);
			runOnlyForDeploymentPostprocessing = 0;
		};
/* End PBXFrameworksBuildPhase section */

/* Begin PBXGroup section */
		8C7678A11DD37B7900FC63EA /* Choose Beverage */ = {
			isa = PBXGroup;
			children = (
				8CF360491DCEB00300C70097 /* ChooseBeverageViewController.swift */,
				8C3DB7F11DD24A2B00EF825B /* ChooseBeverageModel.swift */,
			);
			name = "Choose Beverage";
			sourceTree = "<group>";
		};
		8C7678A21DD37B8A00FC63EA /* Order Summary */ = {
			isa = PBXGroup;
			children = (
				8CF360421DCEA92600C70097 /* OrderSummaryViewController.swift */,
				8CF360441DCEA95F00C70097 /* OrderSummaryModel.swift */,
			);
			name = "Order Summary";
			sourceTree = "<group>";
		};
		8C7678A31DD37B9200FC63EA /* Customise Order */ = {
			isa = PBXGroup;
			children = (
				8C1197981DD0E21600CB7761 /* CustomiseOrderViewController.swift */,
				8C11979A1DD0E88F00CB7761 /* CustomiseOrderModel.swift */,
			);
			name = "Customise Order";
			sourceTree = "<group>";
		};
		8C7678A41DD37B9C00FC63EA /* Choose Size */ = {
			isa = PBXGroup;
			children = (
				8CF3604B1DD0ACCA00C70097 /* ChooseSizeViewController.swift */,
				8C3DB7EF1DD205D600EF825B /* ChooseSizeModel.swift */,
			);
			name = "Choose Size";
			sourceTree = "<group>";
		};
		8C7678A51DD37BA700FC63EA /* Order Confirmation */ = {
			isa = PBXGroup;
			children = (
				8C0EE99E1DCC847F003ABABE /* OrderConfirmationViewController.swift */,
			);
			name = "Order Confirmation";
			sourceTree = "<group>";
		};
		8C7678A61DD37BAE00FC63EA /* Initial */ = {
			isa = PBXGroup;
			children = (
				8CC4175B1DC3A36900D528A7 /* RootViewController.swift */,
			);
			name = Initial;
			sourceTree = "<group>";
		};
		8CC4174D1DC3A36900D528A7 = {
			isa = PBXGroup;
			children = (
				8CC417581DC3A36900D528A7 /* CoffeeVisit */,
				8CC417571DC3A36900D528A7 /* Products */,
			);
			sourceTree = "<group>";
		};
		8CC417571DC3A36900D528A7 /* Products */ = {
			isa = PBXGroup;
			children = (
				8CC417561DC3A36900D528A7 /* CoffeeVisit.app */,
			);
			name = Products;
			sourceTree = "<group>";
		};
		8CC417581DC3A36900D528A7 /* CoffeeVisit */ = {
			isa = PBXGroup;
			children = (
				8CC417591DC3A36900D528A7 /* AppDelegate.swift */,
				8CF360401DCEA6C000C70097 /* Views */,
				8CF360461DCEAEA700C70097 /* Entities */,
				8CF360411DCEA6DD00C70097 /* Storyboard Visitor Engine */,
				8CC417601DC3A36900D528A7 /* Assets.xcassets */,
				8CC417651DC3A36900D528A7 /* Info.plist */,
				8CC417621DC3A36900D528A7 /* LaunchScreen.storyboard */,
			);
			path = CoffeeVisit;
			sourceTree = "<group>";
		};
		8CF360401DCEA6C000C70097 /* Views */ = {
			isa = PBXGroup;
			children = (
				8CC4175D1DC3A36900D528A7 /* Main.storyboard */,
				8C7678A61DD37BAE00FC63EA /* Initial */,
				8C7678A11DD37B7900FC63EA /* Choose Beverage */,
				8C7678A21DD37B8A00FC63EA /* Order Summary */,
				8C7678A31DD37B9200FC63EA /* Customise Order */,
				8C7678A41DD37B9C00FC63EA /* Choose Size */,
				8C7678A51DD37BA700FC63EA /* Order Confirmation */,
			);
			name = Views;
			sourceTree = "<group>";
		};
		8CF360411DCEA6DD00C70097 /* Storyboard Visitor Engine */ = {
			isa = PBXGroup;
			children = (
				8C1013981DCEA4AF00D131D4 /* StoryboardViewController.swift */,
				8C1013971DCEA4AF00D131D4 /* StoryboardController.swift */,
				8C0EE9A01DCCECFC003ABABE /* SceneDispatchTable.swift */,
				8CF3604D1DD0B2EA00C70097 /* CoffeeOrderContext.swift */,
			);
			name = "Storyboard Visitor Engine";
			sourceTree = "<group>";
		};
		8CF360461DCEAEA700C70097 /* Entities */ = {
			isa = PBXGroup;
			children = (
				8CF360471DCEAEBF00C70097 /* Entities.swift */,
			);
			name = Entities;
			sourceTree = "<group>";
		};
/* End PBXGroup section */

/* Begin PBXNativeTarget section */
		8CC417551DC3A36900D528A7 /* CoffeeVisit */ = {
			isa = PBXNativeTarget;
			buildConfigurationList = 8CC417681DC3A36900D528A7 /* Build configuration list for PBXNativeTarget "CoffeeVisit" */;
			buildPhases = (
				8CC417521DC3A36900D528A7 /* Sources */,
				8CC417531DC3A36900D528A7 /* Frameworks */,
				8CC417541DC3A36900D528A7 /* Resources */,
			);
			buildRules = (
			);
			dependencies = (
			);
			name = CoffeeVisit;
			productName = CoffeeVisit;
			productReference = 8CC417561DC3A36900D528A7 /* CoffeeVisit.app */;
			productType = "com.apple.product-type.application";
		};
/* End PBXNativeTarget section */

/* Begin PBXProject section */
		8CC4174E1DC3A36900D528A7 /* Project object */ = {
			isa = PBXProject;
			attributes = {
				LastSwiftUpdateCheck = 0800;
				LastUpgradeCheck = 0810;
				ORGANIZATIONNAME = "Paul Stringer";
				TargetAttributes = {
					8CC417551DC3A36900D528A7 = {
						CreatedOnToolsVersion = 8.0;
						ProvisioningStyle = Automatic;
					};
				};
			};
			buildConfigurationList = 8CC417511DC3A36900D528A7 /* Build configuration list for PBXProject "CoffeeVisit" */;
			compatibilityVersion = "Xcode 3.2";
			developmentRegion = English;
			hasScannedForEncodings = 0;
			knownRegions = (
				en,
				Base,
			);
			mainGroup = 8CC4174D1DC3A36900D528A7;
			productRefGroup = 8CC417571DC3A36900D528A7 /* Products */;
			projectDirPath = "";
			projectRoot = "";
			targets = (
				8CC417551DC3A36900D528A7 /* CoffeeVisit */,
			);
		};
/* End PBXProject section */

/* Begin PBXResourcesBuildPhase section */
		8CC417541DC3A36900D528A7 /* Resources */ = {
			isa = PBXResourcesBuildPhase;
			buildActionMask = 2147483647;
			files = (
				8CC417641DC3A36900D528A7 /* LaunchScreen.storyboard in Resources */,
				8CC417611DC3A36900D528A7 /* Assets.xcassets in Resources */,
				8CC4175F1DC3A36900D528A7 /* Main.storyboard in Resources */,
			);
			runOnlyForDeploymentPostprocessing = 0;
		};
/* End PBXResourcesBuildPhase section */

/* Begin PBXSourcesBuildPhase section */
		8CC417521DC3A36900D528A7 /* Sources */ = {
			isa = PBXSourcesBuildPhase;
			buildActionMask = 2147483647;
			files = (
				8CF360481DCEAEBF00C70097 /* Entities.swift in Sources */,
				8CC4175C1DC3A36900D528A7 /* RootViewController.swift in Sources */,
				8C10139A1DCEA4AF00D131D4 /* StoryboardViewController.swift in Sources */,
				8C3DB7F01DD205D600EF825B /* ChooseSizeModel.swift in Sources */,
				8CF3604C1DD0ACCA00C70097 /* ChooseSizeViewController.swift in Sources */,
				8C11979B1DD0E88F00CB7761 /* CustomiseOrderModel.swift in Sources */,
				8C1197991DD0E21600CB7761 /* CustomiseOrderViewController.swift in Sources */,
				8C3DB7F21DD24A2B00EF825B /* ChooseBeverageModel.swift in Sources */,
				8C0EE9A11DCCECFC003ABABE /* SceneDispatchTable.swift in Sources */,
				8C1013991DCEA4AF00D131D4 /* StoryboardController.swift in Sources */,
				8CF360431DCEA92600C70097 /* OrderSummaryViewController.swift in Sources */,
				8CF3604E1DD0B2EA00C70097 /* CoffeeOrderContext.swift in Sources */,
				8CF360451DCEA95F00C70097 /* OrderSummaryModel.swift in Sources */,
				8CC4175A1DC3A36900D528A7 /* AppDelegate.swift in Sources */,
				8CF3604A1DCEB00300C70097 /* ChooseBeverageViewController.swift in Sources */,
				8C0EE99F1DCC847F003ABABE /* OrderConfirmationViewController.swift in Sources */,
			);
			runOnlyForDeploymentPostprocessing = 0;
		};
/* End PBXSourcesBuildPhase section */

/* Begin PBXVariantGroup section */
		8CC4175D1DC3A36900D528A7 /* Main.storyboard */ = {
			isa = PBXVariantGroup;
			children = (
				8CC4175E1DC3A36900D528A7 /* Base */,
			);
			name = Main.storyboard;
			sourceTree = "<group>";
		};
		8CC417621DC3A36900D528A7 /* LaunchScreen.storyboard */ = {
			isa = PBXVariantGroup;
			children = (
				8CC417631DC3A36900D528A7 /* Base */,
			);
			name = LaunchScreen.storyboard;
			sourceTree = "<group>";
		};
/* End PBXVariantGroup section */

/* Begin XCBuildConfiguration section */
		8CC417661DC3A36900D528A7 /* Debug */ = {
			isa = XCBuildConfiguration;
			buildSettings = {
				ALWAYS_SEARCH_USER_PATHS = NO;
				CLANG_ANALYZER_NONNULL = YES;
				CLANG_CXX_LANGUAGE_STANDARD = "gnu++0x";
				CLANG_CXX_LIBRARY = "libc++";
				CLANG_ENABLE_MODULES = YES;
				CLANG_ENABLE_OBJC_ARC = YES;
				CLANG_WARN_BOOL_CONVERSION = YES;
				CLANG_WARN_CONSTANT_CONVERSION = YES;
				CLANG_WARN_DIRECT_OBJC_ISA_USAGE = YES_ERROR;
				CLANG_WARN_DOCUMENTATION_COMMENTS = YES;
				CLANG_WARN_EMPTY_BODY = YES;
				CLANG_WARN_ENUM_CONVERSION = YES;
				CLANG_WARN_INFINITE_RECURSION = YES;
				CLANG_WARN_INT_CONVERSION = YES;
				CLANG_WARN_OBJC_ROOT_CLASS = YES_ERROR;
				CLANG_WARN_SUSPICIOUS_MOVE = YES;
				CLANG_WARN_SUSPICIOUS_MOVES = YES;
				CLANG_WARN_UNREACHABLE_CODE = YES;
				CLANG_WARN__DUPLICATE_METHOD_MATCH = YES;
				"CODE_SIGN_IDENTITY[sdk=iphoneos*]" = "iPhone Developer";
				COPY_PHASE_STRIP = NO;
				DEBUG_INFORMATION_FORMAT = dwarf;
				ENABLE_STRICT_OBJC_MSGSEND = YES;
				ENABLE_TESTABILITY = YES;
				GCC_C_LANGUAGE_STANDARD = gnu99;
				GCC_DYNAMIC_NO_PIC = NO;
				GCC_NO_COMMON_BLOCKS = YES;
				GCC_OPTIMIZATION_LEVEL = 0;
				GCC_PREPROCESSOR_DEFINITIONS = (
					"DEBUG=1",
					"$(inherited)",
				);
				GCC_WARN_64_TO_32_BIT_CONVERSION = YES;
				GCC_WARN_ABOUT_RETURN_TYPE = YES_ERROR;
				GCC_WARN_UNDECLARED_SELECTOR = YES;
				GCC_WARN_UNINITIALIZED_AUTOS = YES_AGGRESSIVE;
				GCC_WARN_UNUSED_FUNCTION = YES;
				GCC_WARN_UNUSED_VARIABLE = YES;
				IPHONEOS_DEPLOYMENT_TARGET = 10.0;
				MTL_ENABLE_DEBUG_INFO = YES;
				ONLY_ACTIVE_ARCH = YES;
				SDKROOT = iphoneos;
				SWIFT_ACTIVE_COMPILATION_CONDITIONS = DEBUG;
				SWIFT_OPTIMIZATION_LEVEL = "-Onone";
			};
			name = Debug;
		};
		8CC417671DC3A36900D528A7 /* Release */ = {
			isa = XCBuildConfiguration;
			buildSettings = {
				ALWAYS_SEARCH_USER_PATHS = NO;
				CLANG_ANALYZER_NONNULL = YES;
				CLANG_CXX_LANGUAGE_STANDARD = "gnu++0x";
				CLANG_CXX_LIBRARY = "libc++";
				CLANG_ENABLE_MODULES = YES;
				CLANG_ENABLE_OBJC_ARC = YES;
				CLANG_WARN_BOOL_CONVERSION = YES;
				CLANG_WARN_CONSTANT_CONVERSION = YES;
				CLANG_WARN_DIRECT_OBJC_ISA_USAGE = YES_ERROR;
				CLANG_WARN_DOCUMENTATION_COMMENTS = YES;
				CLANG_WARN_EMPTY_BODY = YES;
				CLANG_WARN_ENUM_CONVERSION = YES;
				CLANG_WARN_INFINITE_RECURSION = YES;
				CLANG_WARN_INT_CONVERSION = YES;
				CLANG_WARN_OBJC_ROOT_CLASS = YES_ERROR;
				CLANG_WARN_SUSPICIOUS_MOVE = YES;
				CLANG_WARN_SUSPICIOUS_MOVES = YES;
				CLANG_WARN_UNREACHABLE_CODE = YES;
				CLANG_WARN__DUPLICATE_METHOD_MATCH = YES;
				"CODE_SIGN_IDENTITY[sdk=iphoneos*]" = "iPhone Developer";
				COPY_PHASE_STRIP = NO;
				DEBUG_INFORMATION_FORMAT = "dwarf-with-dsym";
				ENABLE_NS_ASSERTIONS = NO;
				ENABLE_STRICT_OBJC_MSGSEND = YES;
				GCC_C_LANGUAGE_STANDARD = gnu99;
				GCC_NO_COMMON_BLOCKS = YES;
				GCC_WARN_64_TO_32_BIT_CONVERSION = YES;
				GCC_WARN_ABOUT_RETURN_TYPE = YES_ERROR;
				GCC_WARN_UNDECLARED_SELECTOR = YES;
				GCC_WARN_UNINITIALIZED_AUTOS = YES_AGGRESSIVE;
				GCC_WARN_UNUSED_FUNCTION = YES;
				GCC_WARN_UNUSED_VARIABLE = YES;
				IPHONEOS_DEPLOYMENT_TARGET = 10.0;
				MTL_ENABLE_DEBUG_INFO = NO;
				SDKROOT = iphoneos;
				SWIFT_OPTIMIZATION_LEVEL = "-Owholemodule";
				VALIDATE_PRODUCT = YES;
			};
			name = Release;
		};
		8CC417691DC3A36900D528A7 /* Debug */ = {
			isa = XCBuildConfiguration;
			buildSettings = {
				ASSETCATALOG_COMPILER_APPICON_NAME = AppIcon;
				INFOPLIST_FILE = CoffeeVisit/Info.plist;
				LD_RUNPATH_SEARCH_PATHS = "$(inherited) @executable_path/Frameworks";
				PRODUCT_BUNDLE_IDENTIFIER = com.equalexperts.biz.CoffeeVisit;
				PRODUCT_NAME = "$(TARGET_NAME)";
				SWIFT_VERSION = 3.0;
			};
			name = Debug;
		};
		8CC4176A1DC3A36900D528A7 /* Release */ = {
			isa = XCBuildConfiguration;
			buildSettings = {
				ASSETCATALOG_COMPILER_APPICON_NAME = AppIcon;
				INFOPLIST_FILE = CoffeeVisit/Info.plist;
				LD_RUNPATH_SEARCH_PATHS = "$(inherited) @executable_path/Frameworks";
				PRODUCT_BUNDLE_IDENTIFIER = com.equalexperts.biz.CoffeeVisit;
				PRODUCT_NAME = "$(TARGET_NAME)";
				SWIFT_VERSION = 3.0;
			};
			name = Release;
		};
/* End XCBuildConfiguration section */

/* Begin XCConfigurationList section */
		8CC417511DC3A36900D528A7 /* Build configuration list for PBXProject "CoffeeVisit" */ = {
			isa = XCConfigurationList;
			buildConfigurations = (
				8CC417661DC3A36900D528A7 /* Debug */,
				8CC417671DC3A36900D528A7 /* Release */,
			);
			defaultConfigurationIsVisible = 0;
			defaultConfigurationName = Release;
		};
		8CC417681DC3A36900D528A7 /* Build configuration list for PBXNativeTarget "CoffeeVisit" */ = {
			isa = XCConfigurationList;
			buildConfigurations = (
				8CC417691DC3A36900D528A7 /* Debug */,
				8CC4176A1DC3A36900D528A7 /* Release */,
			);
			defaultConfigurationIsVisible = 0;
			defaultConfigurationName = Release;
		};
/* End XCConfigurationList section */
	};
	rootObject = 8CC4174E1DC3A36900D528A7 /* Project object */;
}
